// !$*UTF8*$!
{
	archiveVersion = 1;
	classes = {
	};
	objectVersion = 56;
	objects = {

/* Begin PBXBuildFile section */
		95927D922CE3577300463DA4 /* SearchBar.swift in Sources */ = {isa = PBXBuildFile; fileRef = 95927D912CE3577300463DA4 /* SearchBar.swift */; };
		95927D942CE3643300463DA4 /* NewNoteView.swift in Sources */ = {isa = PBXBuildFile; fileRef = 95927D932CE3643300463DA4 /* NewNoteView.swift */; };
		95AC86E22CDA309C001AD278 /* NoteAppApp.swift in Sources */ = {isa = PBXBuildFile; fileRef = 95AC86E12CDA309C001AD278 /* NoteAppApp.swift */; };
		95AC86E42CDA309C001AD278 /* ContentView.swift in Sources */ = {isa = PBXBuildFile; fileRef = 95AC86E32CDA309C001AD278 /* ContentView.swift */; };
		95AC86E62CDA309D001AD278 /* Assets.xcassets in Resources */ = {isa = PBXBuildFile; fileRef = 95AC86E52CDA309D001AD278 /* Assets.xcassets */; };
		95AC86E92CDA309D001AD278 /* Preview Assets.xcassets in Resources */ = {isa = PBXBuildFile; fileRef = 95AC86E82CDA309D001AD278 /* Preview Assets.xcassets */; };
		95AC86F32CDA30EB001AD278 /* Note.swift in Sources */ = {isa = PBXBuildFile; fileRef = 95AC86F22CDA30EB001AD278 /* Note.swift */; };
		95AC86F52CDA317A001AD278 /* NotesViewModel.swift in Sources */ = {isa = PBXBuildFile; fileRef = 95AC86F42CDA317A001AD278 /* NotesViewModel.swift */; };
		95AC86F72CDA3385001AD278 /* NoteRowView.swift in Sources */ = {isa = PBXBuildFile; fileRef = 95AC86F62CDA3385001AD278 /* NoteRowView.swift */; };
		95AC86F92CDA3763001AD278 /* NoteDetailView.swift in Sources */ = {isa = PBXBuildFile; fileRef = 95AC86F82CDA3763001AD278 /* NoteDetailView.swift */; };
		95AC86FB2CDA3776001AD278 /* NoteListView.swift in Sources */ = {isa = PBXBuildFile; fileRef = 95AC86FA2CDA3776001AD278 /* NoteListView.swift */; };
/* End PBXBuildFile section */

/* Begin PBXFileReference section */
		95927D912CE3577300463DA4 /* SearchBar.swift */ = {isa = PBXFileReference; lastKnownFileType = sourcecode.swift; path = SearchBar.swift; sourceTree = "<group>"; };
		95927D932CE3643300463DA4 /* NewNoteView.swift */ = {isa = PBXFileReference; lastKnownFileType = sourcecode.swift; path = NewNoteView.swift; sourceTree = "<group>"; };
		95AC86DE2CDA309C001AD278 /* NoteApp.app */ = {isa = PBXFileReference; explicitFileType = wrapper.application; includeInIndex = 0; path = NoteApp.app; sourceTree = BUILT_PRODUCTS_DIR; };
		95AC86E12CDA309C001AD278 /* NoteAppApp.swift */ = {isa = PBXFileReference; lastKnownFileType = sourcecode.swift; path = NoteAppApp.swift; sourceTree = "<group>"; };
		95AC86E32CDA309C001AD278 /* ContentView.swift */ = {isa = PBXFileReference; lastKnownFileType = sourcecode.swift; path = ContentView.swift; sourceTree = "<group>"; };
		95AC86E52CDA309D001AD278 /* Assets.xcassets */ = {isa = PBXFileReference; lastKnownFileType = folder.assetcatalog; path = Assets.xcassets; sourceTree = "<group>"; };
		95AC86E82CDA309D001AD278 /* Preview Assets.xcassets */ = {isa = PBXFileReference; lastKnownFileType = folder.assetcatalog; path = "Preview Assets.xcassets"; sourceTree = "<group>"; };
		95AC86F22CDA30EB001AD278 /* Note.swift */ = {isa = PBXFileReference; lastKnownFileType = sourcecode.swift; path = Note.swift; sourceTree = "<group>"; };
		95AC86F42CDA317A001AD278 /* NotesViewModel.swift */ = {isa = PBXFileReference; lastKnownFileType = sourcecode.swift; path = NotesViewModel.swift; sourceTree = "<group>"; };
		95AC86F62CDA3385001AD278 /* NoteRowView.swift */ = {isa = PBXFileReference; lastKnownFileType = sourcecode.swift; path = NoteRowView.swift; sourceTree = "<group>"; };
		95AC86F82CDA3763001AD278 /* NoteDetailView.swift */ = {isa = PBXFileReference; lastKnownFileType = sourcecode.swift; path = NoteDetailView.swift; sourceTree = "<group>"; };
		95AC86FA2CDA3776001AD278 /* NoteListView.swift */ = {isa = PBXFileReference; lastKnownFileType = sourcecode.swift; path = NoteListView.swift; sourceTree = "<group>"; };
/* End PBXFileReference section */

/* Begin PBXFrameworksBuildPhase section */
		95AC86DB2CDA309C001AD278 /* Frameworks */ = {
			isa = PBXFrameworksBuildPhase;
			buildActionMask = 2147483647;
			files = (
			);
			runOnlyForDeploymentPostprocessing = 0;
		};
/* End PBXFrameworksBuildPhase section */

/* Begin PBXGroup section */
		95AC86D52CDA309C001AD278 = {
			isa = PBXGroup;
			children = (
				95AC86E02CDA309C001AD278 /* NoteApp */,
				95AC86DF2CDA309C001AD278 /* Products */,
			);
			sourceTree = "<group>";
		};
		95AC86DF2CDA309C001AD278 /* Products */ = {
			isa = PBXGroup;
			children = (
				95AC86DE2CDA309C001AD278 /* NoteApp.app */,
			);
			name = Products;
			sourceTree = "<group>";
		};
		95AC86E02CDA309C001AD278 /* NoteApp */ = {
			isa = PBXGroup;
			children = (
				95AC86F12CDA30C0001AD278 /* Screen */,
				95AC86F02CDA30B5001AD278 /* View */,
				95AC86EF2CDA30AA001AD278 /* Model */,
				95AC86E12CDA309C001AD278 /* NoteAppApp.swift */,
				95AC86E32CDA309C001AD278 /* ContentView.swift */,
				95AC86E52CDA309D001AD278 /* Assets.xcassets */,
				95AC86E72CDA309D001AD278 /* Preview Content */,
			);
			path = NoteApp;
			sourceTree = "<group>";
		};
		95AC86E72CDA309D001AD278 /* Preview Content */ = {
			isa = PBXGroup;
			children = (
				95AC86E82CDA309D001AD278 /* Preview Assets.xcassets */,
			);
			path = "Preview Content";
			sourceTree = "<group>";
		};
		95AC86EF2CDA30AA001AD278 /* Model */ = {
			isa = PBXGroup;
			children = (
				95AC86F22CDA30EB001AD278 /* Note.swift */,
			);
			path = Model;
			sourceTree = "<group>";
		};
		95AC86F02CDA30B5001AD278 /* View */ = {
			isa = PBXGroup;
			children = (
				95AC86F42CDA317A001AD278 /* NotesViewModel.swift */,
				95AC86F62CDA3385001AD278 /* NoteRowView.swift */,
				95927D912CE3577300463DA4 /* SearchBar.swift */,
			);
			path = View;
			sourceTree = "<group>";
		};
		95AC86F12CDA30C0001AD278 /* Screen */ = {
			isa = PBXGroup;
			children = (
				95AC86F82CDA3763001AD278 /* NoteDetailView.swift */,
				95AC86FA2CDA3776001AD278 /* NoteListView.swift */,
				95927D932CE3643300463DA4 /* NewNoteView.swift */,
			);
			path = Screen;
			sourceTree = "<group>";
		};
/* End PBXGroup section */

/* Begin PBXNativeTarget section */
		95AC86DD2CDA309C001AD278 /* NoteApp */ = {
			isa = PBXNativeTarget;
			buildConfigurationList = 95AC86EC2CDA309D001AD278 /* Build configuration list for PBXNativeTarget "NoteApp" */;
			buildPhases = (
				95AC86DA2CDA309C001AD278 /* Sources */,
				95AC86DB2CDA309C001AD278 /* Frameworks */,
				95AC86DC2CDA309C001AD278 /* Resources */,
			);
			buildRules = (
			);
			dependencies = (
			);
			name = NoteApp;
			productName = NoteApp;
			productReference = 95AC86DE2CDA309C001AD278 /* NoteApp.app */;
			productType = "com.apple.product-type.application";
		};
/* End PBXNativeTarget section */

/* Begin PBXProject section */
		95AC86D62CDA309C001AD278 /* Project object */ = {
			isa = PBXProject;
			attributes = {
				BuildIndependentTargetsInParallel = 1;
				LastSwiftUpdateCheck = 1400;
				LastUpgradeCheck = 1400;
				TargetAttributes = {
					95AC86DD2CDA309C001AD278 = {
						CreatedOnToolsVersion = 14.0.1;
					};
				};
			};
			buildConfigurationList = 95AC86D92CDA309C001AD278 /* Build configuration list for PBXProject "NoteApp" */;
			compatibilityVersion = "Xcode 14.0";
			developmentRegion = en;
			hasScannedForEncodings = 0;
			knownRegions = (
				en,
				Base,
			);
			mainGroup = 95AC86D52CDA309C001AD278;
			productRefGroup = 95AC86DF2CDA309C001AD278 /* Products */;
			projectDirPath = "";
			projectRoot = "";
			targets = (
				95AC86DD2CDA309C001AD278 /* NoteApp */,
			);
		};
/* End PBXProject section */

/* Begin PBXResourcesBuildPhase section */
		95AC86DC2CDA309C001AD278 /* Resources */ = {
			isa = PBXResourcesBuildPhase;
			buildActionMask = 2147483647;
			files = (
				95AC86E92CDA309D001AD278 /* Preview Assets.xcassets in Resources */,
				95AC86E62CDA309D001AD278 /* Assets.xcassets in Resources */,
			);
			runOnlyForDeploymentPostprocessing = 0;
		};
/* End PBXResourcesBuildPhase section */

/* Begin PBXSourcesBuildPhase section */
		95AC86DA2CDA309C001AD278 /* Sources */ = {
			isa = PBXSourcesBuildPhase;
			buildActionMask = 2147483647;
			files = (
				95AC86F52CDA317A001AD278 /* NotesViewModel.swift in Sources */,
				95AC86E42CDA309C001AD278 /* ContentView.swift in Sources */,
				95AC86F72CDA3385001AD278 /* NoteRowView.swift in Sources */,
				95AC86F92CDA3763001AD278 /* NoteDetailView.swift in Sources */,
				95AC86FB2CDA3776001AD278 /* NoteListView.swift in Sources */,
				95927D922CE3577300463DA4 /* SearchBar.swift in Sources */,
				95AC86E22CDA309C001AD278 /* NoteAppApp.swift in Sources */,
				95927D942CE3643300463DA4 /* NewNoteView.swift in Sources */,
				95AC86F32CDA30EB001AD278 /* Note.swift in Sources */,
			);
			runOnlyForDeploymentPostprocessing = 0;
		};
/* End PBXSourcesBuildPhase section */

/* Begin XCBuildConfiguration section */
		95AC86EA2CDA309D001AD278 /* Debug */ = {
			isa = XCBuildConfiguration;
			buildSettings = {
				ALWAYS_SEARCH_USER_PATHS = NO;
				CLANG_ANALYZER_NONNULL = YES;
				CLANG_ANALYZER_NUMBER_OBJECT_CONVERSION = YES_AGGRESSIVE;
				CLANG_CXX_LANGUAGE_STANDARD = "gnu++20";
				CLANG_ENABLE_MODULES = YES;
				CLANG_ENABLE_OBJC_ARC = YES;
				CLANG_ENABLE_OBJC_WEAK = YES;
				CLANG_WARN_BLOCK_CAPTURE_AUTORELEASING = YES;
				CLANG_WARN_BOOL_CONVERSION = YES;
				CLANG_WARN_COMMA = YES;
				CLANG_WARN_CONSTANT_CONVERSION = YES;
				CLANG_WARN_DEPRECATED_OBJC_IMPLEMENTATIONS = YES;
				CLANG_WARN_DIRECT_OBJC_ISA_USAGE = YES_ERROR;
				CLANG_WARN_DOCUMENTATION_COMMENTS = YES;
				CLANG_WARN_EMPTY_BODY = YES;
				CLANG_WARN_ENUM_CONVERSION = YES;
				CLANG_WARN_INFINITE_RECURSION = YES;
				CLANG_WARN_INT_CONVERSION = YES;
				CLANG_WARN_NON_LITERAL_NULL_CONVERSION = YES;
				CLANG_WARN_OBJC_IMPLICIT_RETAIN_SELF = YES;
				CLANG_WARN_OBJC_LITERAL_CONVERSION = YES;
				CLANG_WARN_OBJC_ROOT_CLASS = YES_ERROR;
				CLANG_WARN_QUOTED_INCLUDE_IN_FRAMEWORK_HEADER = YES;
				CLANG_WARN_RANGE_LOOP_ANALYSIS = YES;
				CLANG_WARN_STRICT_PROTOTYPES = YES;
				CLANG_WARN_SUSPICIOUS_MOVE = YES;
				CLANG_WARN_UNGUARDED_AVAILABILITY = YES_AGGRESSIVE;
				CLANG_WARN_UNREACHABLE_CODE = YES;
				CLANG_WARN__DUPLICATE_METHOD_MATCH = YES;
				COPY_PHASE_STRIP = NO;
				DEBUG_INFORMATION_FORMAT = dwarf;
				ENABLE_STRICT_OBJC_MSGSEND = YES;
				ENABLE_TESTABILITY = YES;
				GCC_C_LANGUAGE_STANDARD = gnu11;
				GCC_DYNAMIC_NO_PIC = NO;
				GCC_NO_COMMON_BLOCKS = YES;
				GCC_OPTIMIZATION_LEVEL = 0;
				GCC_PREPROCESSOR_DEFINITIONS = (
					"DEBUG=1",
					"$(inherited)",
				);
				GCC_WARN_64_TO_32_BIT_CONVERSION = YES;
				GCC_WARN_ABOUT_RETURN_TYPE = YES_ERROR;
				GCC_WARN_UNDECLARED_SELECTOR = YES;
				GCC_WARN_UNINITIALIZED_AUTOS = YES_AGGRESSIVE;
				GCC_WARN_UNUSED_FUNCTION = YES;
				GCC_WARN_UNUSED_VARIABLE = YES;
				IPHONEOS_DEPLOYMENT_TARGET = 16.0;
				MTL_ENABLE_DEBUG_INFO = INCLUDE_SOURCE;
				MTL_FAST_MATH = YES;
				ONLY_ACTIVE_ARCH = YES;
				SDKROOT = iphoneos;
				SWIFT_ACTIVE_COMPILATION_CONDITIONS = DEBUG;
				SWIFT_OPTIMIZATION_LEVEL = "-Onone";
			};
			name = Debug;
		};
		95AC86EB2CDA309D001AD278 /* Release */ = {
			isa = XCBuildConfiguration;
			buildSettings = {
				ALWAYS_SEARCH_USER_PATHS = NO;
				CLANG_ANALYZER_NONNULL = YES;
				CLANG_ANALYZER_NUMBER_OBJECT_CONVERSION = YES_AGGRESSIVE;
				CLANG_CXX_LANGUAGE_STANDARD = "gnu++20";
				CLANG_ENABLE_MODULES = YES;
				CLANG_ENABLE_OBJC_ARC = YES;
				CLANG_ENABLE_OBJC_WEAK = YES;
				CLANG_WARN_BLOCK_CAPTURE_AUTORELEASING = YES;
				CLANG_WARN_BOOL_CONVERSION = YES;
				CLANG_WARN_COMMA = YES;
				CLANG_WARN_CONSTANT_CONVERSION = YES;
				CLANG_WARN_DEPRECATED_OBJC_IMPLEMENTATIONS = YES;
				CLANG_WARN_DIRECT_OBJC_ISA_USAGE = YES_ERROR;
				CLANG_WARN_DOCUMENTATION_COMMENTS = YES;
				CLANG_WARN_EMPTY_BODY = YES;
				CLANG_WARN_ENUM_CONVERSION = YES;
				CLANG_WARN_INFINITE_RECURSION = YES;
				CLANG_WARN_INT_CONVERSION = YES;
				CLANG_WARN_NON_LITERAL_NULL_CONVERSION = YES;
				CLANG_WARN_OBJC_IMPLICIT_RETAIN_SELF = YES;
				CLANG_WARN_OBJC_LITERAL_CONVERSION = YES;
				CLANG_WARN_OBJC_ROOT_CLASS = YES_ERROR;
				CLANG_WARN_QUOTED_INCLUDE_IN_FRAMEWORK_HEADER = YES;
				CLANG_WARN_RANGE_LOOP_ANALYSIS = YES;
				CLANG_WARN_STRICT_PROTOTYPES = YES;
				CLANG_WARN_SUSPICIOUS_MOVE = YES;
				CLANG_WARN_UNGUARDED_AVAILABILITY = YES_AGGRESSIVE;
				CLANG_WARN_UNREACHABLE_CODE = YES;
				CLANG_WARN__DUPLICATE_METHOD_MATCH = YES;
				COPY_PHASE_STRIP = NO;
				DEBUG_INFORMATION_FORMAT = "dwarf-with-dsym";
				ENABLE_NS_ASSERTIONS = NO;
				ENABLE_STRICT_OBJC_MSGSEND = YES;
				GCC_C_LANGUAGE_STANDARD = gnu11;
				GCC_NO_COMMON_BLOCKS = YES;
				GCC_WARN_64_TO_32_BIT_CONVERSION = YES;
				GCC_WARN_ABOUT_RETURN_TYPE = YES_ERROR;
				GCC_WARN_UNDECLARED_SELECTOR = YES;
				GCC_WARN_UNINITIALIZED_AUTOS = YES_AGGRESSIVE;
				GCC_WARN_UNUSED_FUNCTION = YES;
				GCC_WARN_UNUSED_VARIABLE = YES;
				IPHONEOS_DEPLOYMENT_TARGET = 16.0;
				MTL_ENABLE_DEBUG_INFO = NO;
				MTL_FAST_MATH = YES;
				SDKROOT = iphoneos;
				SWIFT_COMPILATION_MODE = wholemodule;
				SWIFT_OPTIMIZATION_LEVEL = "-O";
				VALIDATE_PRODUCT = YES;
			};
			name = Release;
		};
		95AC86ED2CDA309D001AD278 /* Debug */ = {
			isa = XCBuildConfiguration;
			buildSettings = {
				ASSETCATALOG_COMPILER_APPICON_NAME = AppIcon;
				ASSETCATALOG_COMPILER_GLOBAL_ACCENT_COLOR_NAME = AccentColor;
				CODE_SIGN_STYLE = Automatic;
				CURRENT_PROJECT_VERSION = 1;
				DEVELOPMENT_ASSET_PATHS = "\"NoteApp/Preview Content\"";
				ENABLE_PREVIEWS = YES;
				GENERATE_INFOPLIST_FILE = YES;
				INFOPLIST_KEY_UIApplicationSceneManifest_Generation = YES;
				INFOPLIST_KEY_UIApplicationSupportsIndirectInputEvents = YES;
				INFOPLIST_KEY_UILaunchScreen_Generation = YES;
				INFOPLIST_KEY_UISupportedInterfaceOrientations_iPad = "UIInterfaceOrientationPortrait UIInterfaceOrientationPortraitUpsideDown UIInterfaceOrientationLandscapeLeft UIInterfaceOrientationLandscapeRight";
				INFOPLIST_KEY_UISupportedInterfaceOrientations_iPhone = "UIInterfaceOrientationPortrait UIInterfaceOrientationLandscapeLeft UIInterfaceOrientationLandscapeRight";
				LD_RUNPATH_SEARCH_PATHS = (
					"$(inherited)",
					"@executable_path/Frameworks",
				);
				MARKETING_VERSION = 1.0;
				PRODUCT_BUNDLE_IDENTIFIER = rs.np.ac.dunp.NoteApp;
				PRODUCT_NAME = "$(TARGET_NAME)";
				SWIFT_EMIT_LOC_STRINGS = YES;
				SWIFT_VERSION = 5.0;
				TARGETED_DEVICE_FAMILY = "1,2";
			};
			name = Debug;
		};
		95AC86EE2CDA309D001AD278 /* Release */ = {
			isa = XCBuildConfiguration;
			buildSettings = {
				ASSETCATALOG_COMPILER_APPICON_NAME = AppIcon;
				ASSETCATALOG_COMPILER_GLOBAL_ACCENT_COLOR_NAME = AccentColor;
				CODE_SIGN_STYLE = Automatic;
				CURRENT_PROJECT_VERSION = 1;
				DEVELOPMENT_ASSET_PATHS = "\"NoteApp/Preview Content\"";
				ENABLE_PREVIEWS = YES;
				GENERATE_INFOPLIST_FILE = YES;
				INFOPLIST_KEY_UIApplicationSceneManifest_Generation = YES;
				INFOPLIST_KEY_UIApplicationSupportsIndirectInputEvents = YES;
				INFOPLIST_KEY_UILaunchScreen_Generation = YES;
				INFOPLIST_KEY_UISupportedInterfaceOrientations_iPad = "UIInterfaceOrientationPortrait UIInterfaceOrientationPortraitUpsideDown UIInterfaceOrientationLandscapeLeft UIInterfaceOrientationLandscapeRight";
				INFOPLIST_KEY_UISupportedInterfaceOrientations_iPhone = "UIInterfaceOrientationPortrait UIInterfaceOrientationLandscapeLeft UIInterfaceOrientationLandscapeRight";
				LD_RUNPATH_SEARCH_PATHS = (
					"$(inherited)",
					"@executable_path/Frameworks",
				);
				MARKETING_VERSION = 1.0;
				PRODUCT_BUNDLE_IDENTIFIER = rs.np.ac.dunp.NoteApp;
				PRODUCT_NAME = "$(TARGET_NAME)";
				SWIFT_EMIT_LOC_STRINGS = YES;
				SWIFT_VERSION = 5.0;
				TARGETED_DEVICE_FAMILY = "1,2";
			};
			name = Release;
		};
/* End XCBuildConfiguration section */

/* Begin XCConfigurationList section */
		95AC86D92CDA309C001AD278 /* Build configuration list for PBXProject "NoteApp" */ = {
			isa = XCConfigurationList;
			buildConfigurations = (
				95AC86EA2CDA309D001AD278 /* Debug */,
				95AC86EB2CDA309D001AD278 /* Release */,
			);
			defaultConfigurationIsVisible = 0;
			defaultConfigurationName = Release;
		};
		95AC86EC2CDA309D001AD278 /* Build configuration list for PBXNativeTarget "NoteApp" */ = {
			isa = XCConfigurationList;
			buildConfigurations = (
				95AC86ED2CDA309D001AD278 /* Debug */,
				95AC86EE2CDA309D001AD278 /* Release */,
			);
			defaultConfigurationIsVisible = 0;
			defaultConfigurationName = Release;
		};
/* End XCConfigurationList section */
	};
	rootObject = 95AC86D62CDA309C001AD278 /* Project object */;
}
